<?xml version="1.0" encoding="utf-8"?>
<Project ToolsVersion="4.0" xmlns="http://schemas.microsoft.com/developer/msbuild/2003">
  <ItemGroup>
    <ClInclude Include="PreCompile.h">
      <Filter>_PreCompile</Filter>
    </ClInclude>
    <ClInclude Include="MyCore.h">
      <Filter>Core</Filter>
    </ClInclude>
    <ClInclude Include="TestLevel.h">
      <Filter>Object</Filter>
    </ClInclude>
  </ItemGroup>
  <ItemGroup>
    <ClCompile Include="PreCompile.cpp">
      <Filter>_PreCompile</Filter>
    </ClCompile>
    <ClCompile Include="MyCore.cpp">
      <Filter>Core</Filter>
    </ClCompile>
    <ClCompile Include="TestLevel.cpp">
      <Filter>Object</Filter>
    </ClCompile>
  </ItemGroup>
  <ItemGroup>
    <Filter Include="Core">
      <UniqueIdentifier>{ef7a5512-fb24-4918-851d-6f7f9325c46f}</UniqueIdentifier>
    </Filter>
    <Filter Include="Object">
      <UniqueIdentifier>{82b0c55d-eec2-47aa-8660-e337216e0738}</UniqueIdentifier>
    </Filter>
    <Filter Include="_PreCompile">
      <UniqueIdentifier>{ee0c5409-1818-4ad9-ac43-ff98aa03a3c8}</UniqueIdentifier>
    </Filter>
  </ItemGroup>
</Project>